
Microsoft Visual Studio Solution File, Format Version 12.00
# Visual Studio 14
VisualStudioVersion = 14.0.25420.1
MinimumVisualStudioVersion = 10.0.40219.1
Project("{FAE04EC0-301F-11D3-BF4B-00C04F79EFBC}") = "www.aquarella.com.pe", "www.aquarella.com.pe\www.aquarella.com.pe.csproj", "{2B38F876-AB5B-416B-AD82-23A0CA656AC2}"
EndProject
Project("{FAE04EC0-301F-11D3-BF4B-00C04F79EFBC}") = "Variables", "Variables\Variables.csproj", "{993CDDF0-E8A1-4FA5-BB4B-93A2E6133A46}"
EndProject
Project("{FAE04EC0-301F-11D3-BF4B-00C04F79EFBC}") = "Sistema Aquarella", "Sistema Aquarella\Sistema Aquarella.csproj", "{508BBEC8-AB42-49B8-B8BF-8060D4487CD4}"
EndProject
Project("{FAE04EC0-301F-11D3-BF4B-00C04F79EFBC}") = "Impresora_Epson", "Impresora_Epson\Impresora_Epson.csproj", "{0F6CE48F-2E54-4ED1-A8E0-3906C4860533}"
EndProject
Project("{FAE04EC0-301F-11D3-BF4B-00C04F79EFBC}") = "ICSharpCode.SharpZLib", "ICSharpCode.SharpZLib\ICSharpCode.SharpZLib.csproj", "{72D4A5E5-B10E-40D2-8DED-0AD8886732E4}"
EndProject
Project("{FAE04EC0-301F-11D3-BF4B-00C04F79EFBC}") = "Sistema_AQLocal", "Sistema_AQLocal\Sistema_AQLocal.csproj", "{E9B0F2FE-A0BF-4D73-91C7-A5F8D99DF997}"
EndProject
Project("{FAE04EC0-301F-11D3-BF4B-00C04F79EFBC}") = "Integrado", "Integrado\Integrado.csproj", "{BDCB3A80-E2BD-439F-8613-8120D6F2593F}"
EndProject
Project("{FAE04EC0-301F-11D3-BF4B-00C04F79EFBC}") = "MahApps.Metro", "MahApps.Metro\MahApps.Metro.csproj", "{ABC7F1DC-E843-48D4-93D2-4721755FD1FA}"
EndProject
Project("{FAE04EC0-301F-11D3-BF4B-00C04F79EFBC}") = "MahApps.Metro.Resources", "MahApps.Metro.Resources\MahApps.Metro.Resources.csproj", "{1D9CE857-FE6B-40DB-98EF-A4E17A1CFB2B}"
EndProject
Project("{FAE04EC0-301F-11D3-BF4B-00C04F79EFBC}") = "PanoramaControl", "PanoramaControl\PanoramaControl.csproj", "{46CB6247-254C-4943-8C80-1225D976A0F1}"
EndProject
Project("{FAE04EC0-301F-11D3-BF4B-00C04F79EFBC}") = "CapaDato", "CapaDato\CapaDato.csproj", "{47E33AA8-3552-4E70-AD87-EB9F2F83AAE3}"
EndProject
Project("{FAE04EC0-301F-11D3-BF4B-00C04F79EFBC}") = "CapaEntidad", "CapaEntidad\CapaEntidad.csproj", "{7E9F5BF4-D3E4-4B48-864C-D7EA925C9E6D}"
EndProject
Project("{FAE04EC0-301F-11D3-BF4B-00C04F79EFBC}") = "Epson_Ticket", "Epson_Ticket\Epson_Ticket.csproj", "{AB16C47E-1072-496A-9515-D15D35A92F4A}"
EndProject
Project("{FAE04EC0-301F-11D3-BF4B-00C04F79EFBC}") = "CatalogoVirtual", "CatalogoVirtual\CatalogoVirtual.csproj", "{A4829AF5-B60F-4736-9B40-782C88122402}"
EndProject
Project("{FAE04EC0-301F-11D3-BF4B-00C04F79EFBC}") = "informativa.aquarella.com.oe", "informativa.aquarella.com.oe\informativa.aquarella.com.oe.csproj", "{D687836A-16E9-442F-B7C4-1FEE564721DA}"
EndProject
Project("{FAE04EC0-301F-11D3-BF4B-00C04F79EFBC}") = "www.aqmvc.com.pe", "www.aqmvc.com.pe\www.aqmvc.com.pe.csproj", "{291BBD96-8FCB-4E8D-955E-244B90ED9AAD}"
EndProject
Project("{F14B399A-7131-4C87-9E4B-1186C45EF12D}") = "ReporteService", "ReporteService\ReporteService.rptproj", "{41DAB7AE-338B-4BA0-ABC7-1B2DDC3D6AD3}"
EndProject
Project("{FAE04EC0-301F-11D3-BF4B-00C04F79EFBC}") = "ReportesMVC", "ReportesMVC\ReportesMVC.csproj", "{82A5F750-BB74-40C5-9FCF-2B5E165126DF}"
EndProject
Project("{FAE04EC0-301F-11D3-BF4B-00C04F79EFBC}") = "www.aquarella.pe", "www.aquarella.pe\www.aquarella.pe.csproj", "{940DADC3-468C-4E5F-861A-C23A6980C14A}"
EndProject
Project("{FAE04EC0-301F-11D3-BF4B-00C04F79EFBC}") = "Epson_QR", "Epson_QR\Epson_QR.csproj", "{A3DEE9AC-6017-412F-AD6A-DE0294AD887B}"
EndProject
Global
	GlobalSection(SolutionConfigurationPlatforms) = preSolution
		Debug|Any CPU = Debug|Any CPU
		DebugLocal|Any CPU = DebugLocal|Any CPU
		Release|Any CPU = Release|Any CPU
	EndGlobalSection
	GlobalSection(ProjectConfigurationPlatforms) = postSolution
		{2B38F876-AB5B-416B-AD82-23A0CA656AC2}.Debug|Any CPU.ActiveCfg = Debug|Any CPU
		{2B38F876-AB5B-416B-AD82-23A0CA656AC2}.Debug|Any CPU.Build.0 = Debug|Any CPU
		{2B38F876-AB5B-416B-AD82-23A0CA656AC2}.DebugLocal|Any CPU.ActiveCfg = Debug|Any CPU
		{2B38F876-AB5B-416B-AD82-23A0CA656AC2}.DebugLocal|Any CPU.Build.0 = Debug|Any CPU
		{2B38F876-AB5B-416B-AD82-23A0CA656AC2}.Release|Any CPU.ActiveCfg = Release|Any CPU
		{2B38F876-AB5B-416B-AD82-23A0CA656AC2}.Release|Any CPU.Build.0 = Release|Any CPU
		{993CDDF0-E8A1-4FA5-BB4B-93A2E6133A46}.Debug|Any CPU.ActiveCfg = Debug|Any CPU
		{993CDDF0-E8A1-4FA5-BB4B-93A2E6133A46}.Debug|Any CPU.Build.0 = Debug|Any CPU
		{993CDDF0-E8A1-4FA5-BB4B-93A2E6133A46}.DebugLocal|Any CPU.ActiveCfg = Debug|Any CPU
		{993CDDF0-E8A1-4FA5-BB4B-93A2E6133A46}.DebugLocal|Any CPU.Build.0 = Debug|Any CPU
		{993CDDF0-E8A1-4FA5-BB4B-93A2E6133A46}.Release|Any CPU.ActiveCfg = Release|Any CPU
		{993CDDF0-E8A1-4FA5-BB4B-93A2E6133A46}.Release|Any CPU.Build.0 = Release|Any CPU
		{508BBEC8-AB42-49B8-B8BF-8060D4487CD4}.Debug|Any CPU.ActiveCfg = Debug|Any CPU
		{508BBEC8-AB42-49B8-B8BF-8060D4487CD4}.Debug|Any CPU.Build.0 = Debug|Any CPU
		{508BBEC8-AB42-49B8-B8BF-8060D4487CD4}.DebugLocal|Any CPU.ActiveCfg = Debug|Any CPU
		{508BBEC8-AB42-49B8-B8BF-8060D4487CD4}.DebugLocal|Any CPU.Build.0 = Debug|Any CPU
		{508BBEC8-AB42-49B8-B8BF-8060D4487CD4}.Release|Any CPU.ActiveCfg = Release|Any CPU
		{508BBEC8-AB42-49B8-B8BF-8060D4487CD4}.Release|Any CPU.Build.0 = Release|Any CPU
		{0F6CE48F-2E54-4ED1-A8E0-3906C4860533}.Debug|Any CPU.ActiveCfg = Debug|Any CPU
		{0F6CE48F-2E54-4ED1-A8E0-3906C4860533}.Debug|Any CPU.Build.0 = Debug|Any CPU
		{0F6CE48F-2E54-4ED1-A8E0-3906C4860533}.DebugLocal|Any CPU.ActiveCfg = Debug|Any CPU
		{0F6CE48F-2E54-4ED1-A8E0-3906C4860533}.DebugLocal|Any CPU.Build.0 = Debug|Any CPU
		{0F6CE48F-2E54-4ED1-A8E0-3906C4860533}.Release|Any CPU.ActiveCfg = Release|Any CPU
		{0F6CE48F-2E54-4ED1-A8E0-3906C4860533}.Release|Any CPU.Build.0 = Release|Any CPU
		{72D4A5E5-B10E-40D2-8DED-0AD8886732E4}.Debug|Any CPU.ActiveCfg = Debug|Any CPU
		{72D4A5E5-B10E-40D2-8DED-0AD8886732E4}.Debug|Any CPU.Build.0 = Debug|Any CPU
		{72D4A5E5-B10E-40D2-8DED-0AD8886732E4}.DebugLocal|Any CPU.ActiveCfg = Debug|Any CPU
		{72D4A5E5-B10E-40D2-8DED-0AD8886732E4}.DebugLocal|Any CPU.Build.0 = Debug|Any CPU
		{72D4A5E5-B10E-40D2-8DED-0AD8886732E4}.Release|Any CPU.ActiveCfg = Release|Any CPU
		{72D4A5E5-B10E-40D2-8DED-0AD8886732E4}.Release|Any CPU.Build.0 = Release|Any CPU
		{E9B0F2FE-A0BF-4D73-91C7-A5F8D99DF997}.Debug|Any CPU.ActiveCfg = Debug|Any CPU
		{E9B0F2FE-A0BF-4D73-91C7-A5F8D99DF997}.Debug|Any CPU.Build.0 = Debug|Any CPU
		{E9B0F2FE-A0BF-4D73-91C7-A5F8D99DF997}.DebugLocal|Any CPU.ActiveCfg = Debug|Any CPU
		{E9B0F2FE-A0BF-4D73-91C7-A5F8D99DF997}.DebugLocal|Any CPU.Build.0 = Debug|Any CPU
		{E9B0F2FE-A0BF-4D73-91C7-A5F8D99DF997}.Release|Any CPU.ActiveCfg = Release|Any CPU
		{E9B0F2FE-A0BF-4D73-91C7-A5F8D99DF997}.Release|Any CPU.Build.0 = Release|Any CPU
		{BDCB3A80-E2BD-439F-8613-8120D6F2593F}.Debug|Any CPU.ActiveCfg = Debug|Any CPU
		{BDCB3A80-E2BD-439F-8613-8120D6F2593F}.Debug|Any CPU.Build.0 = Debug|Any CPU
		{BDCB3A80-E2BD-439F-8613-8120D6F2593F}.DebugLocal|Any CPU.ActiveCfg = Debug|Any CPU
		{BDCB3A80-E2BD-439F-8613-8120D6F2593F}.DebugLocal|Any CPU.Build.0 = Debug|Any CPU
		{BDCB3A80-E2BD-439F-8613-8120D6F2593F}.Release|Any CPU.ActiveCfg = Release|Any CPU
		{BDCB3A80-E2BD-439F-8613-8120D6F2593F}.Release|Any CPU.Build.0 = Release|Any CPU
		{ABC7F1DC-E843-48D4-93D2-4721755FD1FA}.Debug|Any CPU.ActiveCfg = Debug|Any CPU
		{ABC7F1DC-E843-48D4-93D2-4721755FD1FA}.Debug|Any CPU.Build.0 = Debug|Any CPU
		{ABC7F1DC-E843-48D4-93D2-4721755FD1FA}.DebugLocal|Any CPU.ActiveCfg = Debug|Any CPU
		{ABC7F1DC-E843-48D4-93D2-4721755FD1FA}.DebugLocal|Any CPU.Build.0 = Debug|Any CPU
		{ABC7F1DC-E843-48D4-93D2-4721755FD1FA}.Release|Any CPU.ActiveCfg = Release|Any CPU
		{ABC7F1DC-E843-48D4-93D2-4721755FD1FA}.Release|Any CPU.Build.0 = Release|Any CPU
		{1D9CE857-FE6B-40DB-98EF-A4E17A1CFB2B}.Debug|Any CPU.ActiveCfg = Debug|Any CPU
		{1D9CE857-FE6B-40DB-98EF-A4E17A1CFB2B}.Debug|Any CPU.Build.0 = Debug|Any CPU
		{1D9CE857-FE6B-40DB-98EF-A4E17A1CFB2B}.DebugLocal|Any CPU.ActiveCfg = Debug|Any CPU
		{1D9CE857-FE6B-40DB-98EF-A4E17A1CFB2B}.DebugLocal|Any CPU.Build.0 = Debug|Any CPU
		{1D9CE857-FE6B-40DB-98EF-A4E17A1CFB2B}.Release|Any CPU.ActiveCfg = Release|Any CPU
		{1D9CE857-FE6B-40DB-98EF-A4E17A1CFB2B}.Release|Any CPU.Build.0 = Release|Any CPU
		{46CB6247-254C-4943-8C80-1225D976A0F1}.Debug|Any CPU.ActiveCfg = Debug|Any CPU
		{46CB6247-254C-4943-8C80-1225D976A0F1}.Debug|Any CPU.Build.0 = Debug|Any CPU
		{46CB6247-254C-4943-8C80-1225D976A0F1}.DebugLocal|Any CPU.ActiveCfg = Debug|Any CPU
		{46CB6247-254C-4943-8C80-1225D976A0F1}.DebugLocal|Any CPU.Build.0 = Debug|Any CPU
		{46CB6247-254C-4943-8C80-1225D976A0F1}.Release|Any CPU.ActiveCfg = Release|Any CPU
		{46CB6247-254C-4943-8C80-1225D976A0F1}.Release|Any CPU.Build.0 = Release|Any CPU
		{47E33AA8-3552-4E70-AD87-EB9F2F83AAE3}.Debug|Any CPU.ActiveCfg = Debug|Any CPU
		{47E33AA8-3552-4E70-AD87-EB9F2F83AAE3}.Debug|Any CPU.Build.0 = Debug|Any CPU
		{47E33AA8-3552-4E70-AD87-EB9F2F83AAE3}.DebugLocal|Any CPU.ActiveCfg = Debug|Any CPU
		{47E33AA8-3552-4E70-AD87-EB9F2F83AAE3}.DebugLocal|Any CPU.Build.0 = Debug|Any CPU
		{47E33AA8-3552-4E70-AD87-EB9F2F83AAE3}.Release|Any CPU.ActiveCfg = Release|Any CPU
		{47E33AA8-3552-4E70-AD87-EB9F2F83AAE3}.Release|Any CPU.Build.0 = Release|Any CPU
		{7E9F5BF4-D3E4-4B48-864C-D7EA925C9E6D}.Debug|Any CPU.ActiveCfg = Debug|Any CPU
		{7E9F5BF4-D3E4-4B48-864C-D7EA925C9E6D}.Debug|Any CPU.Build.0 = Debug|Any CPU
		{7E9F5BF4-D3E4-4B48-864C-D7EA925C9E6D}.DebugLocal|Any CPU.ActiveCfg = Debug|Any CPU
		{7E9F5BF4-D3E4-4B48-864C-D7EA925C9E6D}.DebugLocal|Any CPU.Build.0 = Debug|Any CPU
		{7E9F5BF4-D3E4-4B48-864C-D7EA925C9E6D}.Release|Any CPU.ActiveCfg = Release|Any CPU
		{7E9F5BF4-D3E4-4B48-864C-D7EA925C9E6D}.Release|Any CPU.Build.0 = Release|Any CPU
		{AB16C47E-1072-496A-9515-D15D35A92F4A}.Debug|Any CPU.ActiveCfg = Debug|Any CPU
		{AB16C47E-1072-496A-9515-D15D35A92F4A}.Debug|Any CPU.Build.0 = Debug|Any CPU
		{AB16C47E-1072-496A-9515-D15D35A92F4A}.DebugLocal|Any CPU.ActiveCfg = Debug|Any CPU
		{AB16C47E-1072-496A-9515-D15D35A92F4A}.DebugLocal|Any CPU.Build.0 = Debug|Any CPU
		{AB16C47E-1072-496A-9515-D15D35A92F4A}.Release|Any CPU.ActiveCfg = Release|Any CPU
		{AB16C47E-1072-496A-9515-D15D35A92F4A}.Release|Any CPU.Build.0 = Release|Any CPU
		{A4829AF5-B60F-4736-9B40-782C88122402}.Debug|Any CPU.ActiveCfg = Debug|Any CPU
		{A4829AF5-B60F-4736-9B40-782C88122402}.Debug|Any CPU.Build.0 = Debug|Any CPU
		{A4829AF5-B60F-4736-9B40-782C88122402}.DebugLocal|Any CPU.ActiveCfg = Debug|Any CPU
		{A4829AF5-B60F-4736-9B40-782C88122402}.DebugLocal|Any CPU.Build.0 = Debug|Any CPU
		{A4829AF5-B60F-4736-9B40-782C88122402}.Release|Any CPU.ActiveCfg = Release|Any CPU
		{A4829AF5-B60F-4736-9B40-782C88122402}.Release|Any CPU.Build.0 = Release|Any CPU
		{D687836A-16E9-442F-B7C4-1FEE564721DA}.Debug|Any CPU.ActiveCfg = Debug|Any CPU
		{D687836A-16E9-442F-B7C4-1FEE564721DA}.Debug|Any CPU.Build.0 = Debug|Any CPU
		{D687836A-16E9-442F-B7C4-1FEE564721DA}.DebugLocal|Any CPU.ActiveCfg = Debug|Any CPU
		{D687836A-16E9-442F-B7C4-1FEE564721DA}.DebugLocal|Any CPU.Build.0 = Debug|Any CPU
		{D687836A-16E9-442F-B7C4-1FEE564721DA}.Release|Any CPU.ActiveCfg = Release|Any CPU
		{D687836A-16E9-442F-B7C4-1FEE564721DA}.Release|Any CPU.Build.0 = Release|Any CPU
		{291BBD96-8FCB-4E8D-955E-244B90ED9AAD}.Debug|Any CPU.ActiveCfg = Debug|Any CPU
		{291BBD96-8FCB-4E8D-955E-244B90ED9AAD}.Debug|Any CPU.Build.0 = Debug|Any CPU
		{291BBD96-8FCB-4E8D-955E-244B90ED9AAD}.DebugLocal|Any CPU.ActiveCfg = Debug|Any CPU
		{291BBD96-8FCB-4E8D-955E-244B90ED9AAD}.DebugLocal|Any CPU.Build.0 = Debug|Any CPU
		{291BBD96-8FCB-4E8D-955E-244B90ED9AAD}.Release|Any CPU.ActiveCfg = Release|Any CPU
		{291BBD96-8FCB-4E8D-955E-244B90ED9AAD}.Release|Any CPU.Build.0 = Release|Any CPU
		{41DAB7AE-338B-4BA0-ABC7-1B2DDC3D6AD3}.Debug|Any CPU.ActiveCfg = Debug
		{41DAB7AE-338B-4BA0-ABC7-1B2DDC3D6AD3}.Debug|Any CPU.Build.0 = Debug
		{41DAB7AE-338B-4BA0-ABC7-1B2DDC3D6AD3}.Debug|Any CPU.Deploy.0 = Debug
		{41DAB7AE-338B-4BA0-ABC7-1B2DDC3D6AD3}.DebugLocal|Any CPU.ActiveCfg = DebugLocal
		{41DAB7AE-338B-4BA0-ABC7-1B2DDC3D6AD3}.DebugLocal|Any CPU.Build.0 = DebugLocal
		{41DAB7AE-338B-4BA0-ABC7-1B2DDC3D6AD3}.Release|Any CPU.ActiveCfg = Release
		{41DAB7AE-338B-4BA0-ABC7-1B2DDC3D6AD3}.Release|Any CPU.Build.0 = Release
		{41DAB7AE-338B-4BA0-ABC7-1B2DDC3D6AD3}.Release|Any CPU.Deploy.0 = Release
		{82A5F750-BB74-40C5-9FCF-2B5E165126DF}.Debug|Any CPU.ActiveCfg = Debug|Any CPU
		{82A5F750-BB74-40C5-9FCF-2B5E165126DF}.Debug|Any CPU.Build.0 = Debug|Any CPU
		{82A5F750-BB74-40C5-9FCF-2B5E165126DF}.DebugLocal|Any CPU.ActiveCfg = Debug|Any CPU
		{82A5F750-BB74-40C5-9FCF-2B5E165126DF}.DebugLocal|Any CPU.Build.0 = Debug|Any CPU
		{82A5F750-BB74-40C5-9FCF-2B5E165126DF}.Release|Any CPU.ActiveCfg = Release|Any CPU
		{82A5F750-BB74-40C5-9FCF-2B5E165126DF}.Release|Any CPU.Build.0 = Release|Any CPU
		{940DADC3-468C-4E5F-861A-C23A6980C14A}.Debug|Any CPU.ActiveCfg = Debug|Any CPU
		{940DADC3-468C-4E5F-861A-C23A6980C14A}.Debug|Any CPU.Build.0 = Debug|Any CPU
		{940DADC3-468C-4E5F-861A-C23A6980C14A}.DebugLocal|Any CPU.ActiveCfg = Debug|Any CPU
		{940DADC3-468C-4E5F-861A-C23A6980C14A}.DebugLocal|Any CPU.Build.0 = Debug|Any CPU
		{940DADC3-468C-4E5F-861A-C23A6980C14A}.Release|Any CPU.ActiveCfg = Release|Any CPU
		{940DADC3-468C-4E5F-861A-C23A6980C14A}.Release|Any CPU.Build.0 = Release|Any CPU
		{A3DEE9AC-6017-412F-AD6A-DE0294AD887B}.Debug|Any CPU.ActiveCfg = Debug|Any CPU
		{A3DEE9AC-6017-412F-AD6A-DE0294AD887B}.Debug|Any CPU.Build.0 = Debug|Any CPU
		{A3DEE9AC-6017-412F-AD6A-DE0294AD887B}.DebugLocal|Any CPU.ActiveCfg = Debug|Any CPU
		{A3DEE9AC-6017-412F-AD6A-DE0294AD887B}.DebugLocal|Any CPU.Build.0 = Debug|Any CPU
		{A3DEE9AC-6017-412F-AD6A-DE0294AD887B}.Release|Any CPU.ActiveCfg = Release|Any CPU
		{A3DEE9AC-6017-412F-AD6A-DE0294AD887B}.Release|Any CPU.Build.0 = Release|Any CPU
	EndGlobalSection
	GlobalSection(SolutionProperties) = preSolution
		HideSolutionNode = FALSE
	EndGlobalSection
EndGlobal
